lockfileVersion: '9.0'

settings:
  autoInstallPeers: true
  excludeLinksFromLockfile: false

importers:

  .:
    dependencies:
      '@carbon/icons':
        specifier: ^11.73.0
        version: 11.73.0
      '@carbon/styles':
        specifier: ^1.98.0
        version: 1.98.0(sass@1.97.3)
      '@carbon/web-components':
        specifier: ^2.46.0
        version: 2.46.0(sass@1.97.3)
      sass:
        specifier: ^1.97.3
        version: 1.97.3
    devDependencies:
      vite:
        specifier: ^5.4.0
        version: 5.4.0(sass@1.97.3)

packages:

  '@carbon/colors@11.45.0':
    resolution: {integrity: sha512-3ZHP2L77PbBytPl6jf7OcDVvEH/i1SIzGJfdA9rMZ7L8AyUpvf/zTEcN+BrOv+Xsg2idPtlz3ZyRkm5oASl6rg==}

  '@carbon/feature-flags@0.32.0':
    resolution: {integrity: sha512-a1rFplSEFPwJ4ZsuwvOaKHgoLqPNhjCJdWY6VTgCoytRZqtgYWqwYFEqQkm9/f1mX1lHr6oK/eBpAcmi0Izuvg==}

  '@carbon/grid@11.48.0':
    resolution: {integrity: sha512-gh+3Ez5qMWfdjLCmnF9vjKk8X7OG4g5VLPehXecB/nrYZ2GLFPKxjASCd+5FN5c1flg+erYi0v/SiPzM+UC3xg==}

  '@carbon/icon-helpers@10.47.0':
    resolution: {integrity: sha512-vv2Wkuw7lYkYVKrn5ABzlZD+6ioAYwMuyKi2XPqYY3hrHYoL4CQUnuSFDhlj0DR2HHCB0L5MGRLxHLucx5cc7g==}

  '@carbon/icons@11.73.0':
    resolution: {integrity: sha512-84UttPUEwNEQ6prGf6HWuYy6We9vGb012+emynqSQSFAyl3L44GJMsmztLRkFGfRK/AeBTAIGVn7/dEadggEaw==}

  '@carbon/layout@11.46.0':
    resolution: {integrity: sha512-RNwumPbMAPfeJWptT7QToES0oaOsz/sS8YQMRP3NpBNy+Bk7hXrei/6tUPkx5cJwS/xOrz3qhkLeSf/87oa3pQ==}

  '@carbon/motion@11.39.0':
    resolution: {integrity: sha512-5Hd+fU5gb5snl1vZ0HlZSJQwllbvDrXZOU8wBYJJSsZTZLARkHjziaa3tm1uxk/miy0GZ44Z/T3+a9ogY882Eg==}

  '@carbon/styles@1.98.0':
    resolution: {integrity: sha512-LS+xhPhOFWApG7NpK8cC1aTC5vWLqFZ+aMM+P+SIW+12iiUECOYs8Mx27JjM8OVTk1G8o5ahc74/TkMte+gWhQ==}
    peerDependencies:
      sass: ^1.33.0
    peerDependenciesMeta:
      sass:
        optional: true

  '@carbon/themes@11.66.0':
    resolution: {integrity: sha512-rvHA/HEhsImuodqFZsN/Mrl3bF4yRMSaHatXo4D97KXztO79D2QZBOEeKeqjcYjrPFSYNEh+/WE7Ob8Bw8wLwQ==}

  '@carbon/type@11.52.0':
    resolution: {integrity: sha512-6nGXKqp20fKiXxTWhPRopPfVwTA1DES3Cz59RGJGAyOpbuzowqNp1j9PWIx3D74pfXc4pbrOqFK9F88ylLM6zg==}

  '@carbon/web-components@2.46.0':
    resolution: {integrity: sha512-BCVAAP9E1alTIHgCrQMKwcWNRaa2K+C3rim7MNOkX5UeELxVIc2/SDT02/d5gZs7rYIAwznGahmcxMW15d8q7Q==}

  '@esbuild/aix-ppc64@0.21.5':
    resolution: {integrity: sha512-1SDgH6ZSPTlggy1yI6+Dbkiz8xzpHJEVAlF/AM1tHPLsf5STom9rwtjE4hKAF20FfXXNTFqEYXyJNWh1GiZedQ==}
    engines: {node: '>=12'}
    cpu: [ppc64]
    os: [aix]

  '@esbuild/android-arm64@0.21.5':
    resolution: {integrity: sha512-c0uX9VAUBQ7dTDCjq+wdyGLowMdtR/GoC2U5IYk/7D1H1JYC0qseD7+11iMP2mRLN9RcCMRcjC4YMclCzGwS/A==}
    engines: {node: '>=12'}
    cpu: [arm64]
    os: [android]

  '@esbuild/android-arm@0.21.5':
    resolution: {integrity: sha512-vCPvzSjpPHEi1siZdlvAlsPxXl7WbOVUBBAowWug4rJHb68Ox8KualB+1ocNvT5fjv6wpkX6o/iEpbDrf68zcg==}
    engines: {node: '>=12'}
    cpu: [arm]
    os: [android]

  '@esbuild/android-x64@0.21.5':
    resolution: {integrity: sha512-D7aPRUUNHRBwHxzxRvp856rjUHRFW1SdQATKXH2hqA0kAZb1hKmi02OpYRacl0TxIGz/ZmXWlbZgjwWYaCakTA==}
    engines: {node: '>=12'}
    cpu: [x64]
    os: [android]

  '@esbuild/darwin-arm64@0.21.5':
    resolution: {integrity: sha512-DwqXqZyuk5AiWWf3UfLiRDJ5EDd49zg6O9wclZ7kUMv2WRFr4HKjXp/5t8JZ11QbQfUS6/cRCKGwYhtNAY88kQ==}
    engines: {node: '>=12'}
    cpu: [arm64]
    os: [darwin]

  '@esbuild/darwin-x64@0.21.5':
    resolution: {integrity: sha512-se/JjF8NlmKVG4kNIuyWMV/22ZaerB+qaSi5MdrXtd6R08kvs2qCN4C09miupktDitvh8jRFflwGFBQcxZRjbw==}
    engines: {node: '>=12'}
    cpu: [x64]
    os: [darwin]

  '@esbuild/freebsd-arm64@0.21.5':
    resolution: {integrity: sha512-5JcRxxRDUJLX8JXp/wcBCy3pENnCgBR9bN6JsY4OmhfUtIHe3ZW0mawA7+RDAcMLrMIZaf03NlQiX9DGyB8h4g==}
    engines: {node: '>=12'}
    cpu: [arm64]
    os: [freebsd]

  '@esbuild/freebsd-x64@0.21.5':
    resolution: {integrity: sha512-J95kNBj1zkbMXtHVH29bBriQygMXqoVQOQYA+ISs0/2l3T9/kj42ow2mpqerRBxDJnmkUDCaQT/dfNXWX/ZZCQ==}
    engines: {node: '>=12'}
    cpu: [x64]
    os: [freebsd]

  '@esbuild/linux-arm64@0.21.5':
    resolution: {integrity: sha512-ibKvmyYzKsBeX8d8I7MH/TMfWDXBF3db4qM6sy+7re0YXya+K1cem3on9XgdT2EQGMu4hQyZhan7TeQ8XkGp4Q==}
    engines: {node: '>=12'}
    cpu: [arm64]
    os: [linux]

  '@esbuild/linux-arm@0.21.5':
    resolution: {integrity: sha512-bPb5AHZtbeNGjCKVZ9UGqGwo8EUu4cLq68E95A53KlxAPRmUyYv2D6F0uUI65XisGOL1hBP5mTronbgo+0bFcA==}
    engines: {node: '>=12'}
    cpu: [arm]
    os: [linux]

  '@esbuild/linux-ia32@0.21.5':
    resolution: {integrity: sha512-YvjXDqLRqPDl2dvRODYmmhz4rPeVKYvppfGYKSNGdyZkA01046pLWyRKKI3ax8fbJoK5QbxblURkwK/MWY18Tg==}
    engines: {node: '>=12'}
    cpu: [ia32]
    os: [linux]

  '@esbuild/linux-loong64@0.21.5':
    resolution: {integrity: sha512-uHf1BmMG8qEvzdrzAqg2SIG/02+4/DHB6a9Kbya0XDvwDEKCoC8ZRWI5JJvNdUjtciBGFQ5PuBlpEOXQj+JQSg==}
    engines: {node: '>=12'}
    cpu: [loong64]
    os: [linux]

  '@esbuild/linux-mips64el@0.21.5':
    resolution: {integrity: sha512-IajOmO+KJK23bj52dFSNCMsz1QP1DqM6cwLUv3W1QwyxkyIWecfafnI555fvSGqEKwjMXVLokcV5ygHW5b3Jbg==}
    engines: {node: '>=12'}
    cpu: [mips64el]
    os: [linux]

  '@esbuild/linux-ppc64@0.21.5':
    resolution: {integrity: sha512-1hHV/Z4OEfMwpLO8rp7CvlhBDnjsC3CttJXIhBi+5Aj5r+MBvy4egg7wCbe//hSsT+RvDAG7s81tAvpL2XAE4w==}
    engines: {node: '>=12'}
    cpu: [ppc64]
    os: [linux]

  '@esbuild/linux-riscv64@0.21.5':
    resolution: {integrity: sha512-2HdXDMd9GMgTGrPWnJzP2ALSokE/0O5HhTUvWIbD3YdjME8JwvSCnNGBnTThKGEB91OZhzrJ4qIIxk/SBmyDDA==}
    engines: {node: '>=12'}
    cpu: [riscv64]
    os: [linux]

  '@esbuild/linux-s390x@0.21.5':
    resolution: {integrity: sha512-zus5sxzqBJD3eXxwvjN1yQkRepANgxE9lgOW2qLnmr8ikMTphkjgXu1HR01K4FJg8h1kEEDAqDcZQtbrRnB41A==}
    engines: {node: '>=12'}
    cpu: [s390x]
    os: [linux]

  '@esbuild/linux-x64@0.21.5':
    resolution: {integrity: sha512-1rYdTpyv03iycF1+BhzrzQJCdOuAOtaqHTWJZCWvijKD2N5Xu0TtVC8/+1faWqcP9iBCWOmjmhoH94dH82BxPQ==}
    engines: {node: '>=12'}
    cpu: [x64]
    os: [linux]

  '@esbuild/netbsd-x64@0.21.5':
    resolution: {integrity: sha512-Woi2MXzXjMULccIwMnLciyZH4nCIMpWQAs049KEeMvOcNADVxo0UBIQPfSmxB3CWKedngg7sWZdLvLczpe0tLg==}
    engines: {node: '>=12'}
    cpu: [x64]
    os: [netbsd]

  '@esbuild/openbsd-x64@0.21.5':
    resolution: {integrity: sha512-HLNNw99xsvx12lFBUwoT8EVCsSvRNDVxNpjZ7bPn947b8gJPzeHWyNVhFsaerc0n3TsbOINvRP2byTZ5LKezow==}
    engines: {node: '>=12'}
    cpu: [x64]
    os: [openbsd]

  '@esbuild/sunos-x64@0.21.5':
    resolution: {integrity: sha512-6+gjmFpfy0BHU5Tpptkuh8+uw3mnrvgs+dSPQXQOv3ekbordwnzTVEb4qnIvQcYXq6gzkyTnoZ9dZG+D4garKg==}
    engines: {node: '>=12'}
    cpu: [x64]
    os: [sunos]

  '@esbuild/win32-arm64@0.21.5':
    resolution: {integrity: sha512-Z0gOTd75VvXqyq7nsl93zwahcTROgqvuAcYDUr+vOv8uHhNSKROyU961kgtCD1e95IqPKSQKH7tBTslnS3tA8A==}
    engines: {node: '>=12'}
    cpu: [arm64]
    os: [win32]

  '@esbuild/win32-ia32@0.21.5':
    resolution: {integrity: sha512-SWXFF1CL2RVNMaVs+BBClwtfZSvDgtL//G/smwAc5oVK/UPu2Gu9tIaRgFmYFFKrmg3SyAjSrElf0TiJ1v8fYA==}
    engines: {node: '>=12'}
    cpu: [ia32]
    os: [win32]

  '@esbuild/win32-x64@0.21.5':
    resolution: {integrity: sha512-tQd/1efJuzPC6rCFwEvLtci/xNFcTZknmXs98FYDfGE4wP9ClFV98nyKrzJKVPMhdDnjzLhdUyMX4PsQAPjwIw==}
    engines: {node: '>=12'}
    cpu: [x64]
    os: [win32]

  '@floating-ui/core@1.7.4':
    resolution: {integrity: sha512-C3HlIdsBxszvm5McXlB8PeOEWfBhcGBTZGkGlWc2U0KFY5IwG5OQEuQ8rq52DZmcHDlPLd+YFBK+cZcytwIFWg==}

  '@floating-ui/dom@1.7.5':
    resolution: {integrity: sha512-N0bD2kIPInNHUHehXhMke1rBGs1dwqvC9O9KYMyyjK7iXt7GAhnro7UlcuYcGdS/yYOlq0MAVgrow8IbWJwyqg==}

  '@floating-ui/utils@0.2.10':
    resolution: {integrity: sha512-aGTxbpbg8/b5JfU1HXSrbH3wXZuLPJcNEcZQFMxLs3oSzgtVu6nFPkbbGGUvBcUjKV2YyB9Wxxabo+HEH9tcRQ==}

  '@ibm/plex-mono@1.1.0':
    resolution: {integrity: sha512-hpsdRxR3BRJkC6wGM4MZcUFD6C8M+mmK76RtAy/hlsfPro9FzpXVdIWC+G3jeQOXof109dxlUvmeKxpeKUG68A==}

  '@ibm/plex-sans-arabic@1.1.0':
    resolution: {integrity: sha512-u8wIS6szLAOFvlBjCFZmtpKIqbhuIuniG2N0J+sio8vV6INH58hP0t0QNYrSl9SZtCv2Fwb4oQGuZJY3kJ4+QA==}

  '@ibm/plex-sans-devanagari@1.1.0':
    resolution: {integrity: sha512-IVNV9NxXZDzcGZRao/xj+kiFwkdLkcw5vNiKwY8wEzzkpjApXJnPhJ0a7mIKNAh8oIadTIF68+iGtzRKK3nXAQ==}

  '@ibm/plex-sans-hebrew@1.1.0':
    resolution: {integrity: sha512-iix0rLpUD0E8dE8q+/t3B7u1or7h6gEzoy6TK9NwP41AN31WE55f2cFwQAXomBDwr0Ozc9sHYy97NutEukZXzQ==}

  '@ibm/plex-sans-thai-looped@1.1.0':
    resolution: {integrity: sha512-9zbDGzmtscHgBRTF88y3/92zQx6lmKjz5ZxhgcljilwOpj08BAytDc3mzUl9XGUh+DmOMl0Ql1lk6ecsEYYg2w==}

  '@ibm/plex-sans-thai@1.1.0':
    resolution: {integrity: sha512-vk7IrjdO69eEElJpFBppCha/wvU48DFyVuDewcfIf5L6Z11s0vbROANCvKipVPRUz1LE4ron8KoitWGcl3AlfA==}

  '@ibm/plex-sans@1.1.0':
    resolution: {integrity: sha512-WPgvO6Yfj2w5YbhyAr1tv95RUz4LRJlqN+CmYvBglabXteufP1D1E9BABMde+ZIKdRbFJDoKF5eQzfhpnbgZcQ==}

  '@ibm/plex-serif@1.1.0':
    resolution: {integrity: sha512-ORIyWlK8t8mvpFI7AAfhVFH+sacink2l9AjLiKZscmAzLVSa2dqFckrPOXqx4dK/cax567gWwCpJNEYk7xWxBQ==}

  '@ibm/plex@6.0.0-next.6':
    resolution: {integrity: sha512-B3uGruTn2rS5gweynLmfSe7yCawSRsJguJJQHVQiqf4rh2RNgJFu8YLE2Zd/JHV0ZXoVMOslcXP2k3hMkxKEyA==}
    engines: {node: '>=14'}

  '@ibm/telemetry-js@1.11.0':
    resolution: {integrity: sha512-RO/9j+URJnSfseWg9ZkEX9p+a3Ousd33DBU7rOafoZB08RqdzxFVYJ2/iM50dkBuD0o7WX7GYt1sLbNgCoE+pA==}
    hasBin: true

  '@lit-labs/ssr-dom-shim@1.5.1':
    resolution: {integrity: sha512-Aou5UdlSpr5whQe8AA/bZG0jMj96CoJIWbGfZ91qieWu5AWUMKw8VR/pAkQkJYvBNhmCcWnZlyyk5oze8JIqYA==}

  '@lit/context@1.1.6':
    resolution: {integrity: sha512-M26qDE6UkQbZA2mQ3RjJ3Gzd8TxP+/0obMgE5HfkfLhEEyYE3Bui4A5XHiGPjy0MUGAyxB3QgVuw2ciS0kHn6A==}

  '@lit/reactive-element@2.1.2':
    resolution: {integrity: sha512-pbCDiVMnne1lYUIaYNN5wrwQXDtHaYtg7YEFPeW+hws6U47WeFvISGUWekPGKWOP1ygrs0ef0o1VJMk1exos5A==}

  '@parcel/watcher-android-arm64@2.5.6':
    resolution: {integrity: sha512-YQxSS34tPF/6ZG7r/Ih9xy+kP/WwediEUsqmtf0cuCV5TPPKw/PQHRhueUo6JdeFJaqV3pyjm0GdYjZotbRt/A==}
    engines: {node: '>= 10.0.0'}
    cpu: [arm64]
    os: [android]

  '@parcel/watcher-darwin-arm64@2.5.6':
    resolution: {integrity: sha512-Z2ZdrnwyXvvvdtRHLmM4knydIdU9adO3D4n/0cVipF3rRiwP+3/sfzpAwA/qKFL6i1ModaabkU7IbpeMBgiVEA==}
    engines: {node: '>= 10.0.0'}
    cpu: [arm64]
    os: [darwin]

  '@parcel/watcher-darwin-x64@2.5.6':
    resolution: {integrity: sha512-HgvOf3W9dhithcwOWX9uDZyn1lW9R+7tPZ4sug+NGrGIo4Rk1hAXLEbcH1TQSqxts0NYXXlOWqVpvS1SFS4fRg==}
    engines: {node: '>= 10.0.0'}
    cpu: [x64]
    os: [darwin]

  '@parcel/watcher-freebsd-x64@2.5.6':
    resolution: {integrity: sha512-vJVi8yd/qzJxEKHkeemh7w3YAn6RJCtYlE4HPMoVnCpIXEzSrxErBW5SJBgKLbXU3WdIpkjBTeUNtyBVn8TRng==}
    engines: {node: '>= 10.0.0'}
    cpu: [x64]
    os: [freebsd]

  '@parcel/watcher-linux-arm-glibc@2.5.6':
    resolution: {integrity: sha512-9JiYfB6h6BgV50CCfasfLf/uvOcJskMSwcdH1PHH9rvS1IrNy8zad6IUVPVUfmXr+u+Km9IxcfMLzgdOudz9EQ==}
    engines: {node: '>= 10.0.0'}
    cpu: [arm]
    os: [linux]
    libc: [glibc]

  '@parcel/watcher-linux-arm-musl@2.5.6':
    resolution: {integrity: sha512-Ve3gUCG57nuUUSyjBq/MAM0CzArtuIOxsBdQ+ftz6ho8n7s1i9E1Nmk/xmP323r2YL0SONs1EuwqBp2u1k5fxg==}
    engines: {node: '>= 10.0.0'}
    cpu: [arm]
    os: [linux]
    libc: [musl]

  '@parcel/watcher-linux-arm64-glibc@2.5.6':
    resolution: {integrity: sha512-f2g/DT3NhGPdBmMWYoxixqYr3v/UXcmLOYy16Bx0TM20Tchduwr4EaCbmxh1321TABqPGDpS8D/ggOTaljijOA==}
    engines: {node: '>= 10.0.0'}
    cpu: [arm64]
    os: [linux]
    libc: [glibc]

  '@parcel/watcher-linux-arm64-musl@2.5.6':
    resolution: {integrity: sha512-qb6naMDGlbCwdhLj6hgoVKJl2odL34z2sqkC7Z6kzir8b5W65WYDpLB6R06KabvZdgoHI/zxke4b3zR0wAbDTA==}
    engines: {node: '>= 10.0.0'}
    cpu: [arm64]
    os: [linux]
    libc: [musl]

  '@parcel/watcher-linux-x64-glibc@2.5.6':
    resolution: {integrity: sha512-kbT5wvNQlx7NaGjzPFu8nVIW1rWqV780O7ZtkjuWaPUgpv2NMFpjYERVi0UYj1msZNyCzGlaCWEtzc+exjMGbQ==}
    engines: {node: '>= 10.0.0'}
    cpu: [x64]
    os: [linux]
    libc: [glibc]

  '@parcel/watcher-linux-x64-musl@2.5.6':
    resolution: {integrity: sha512-1JRFeC+h7RdXwldHzTsmdtYR/Ku8SylLgTU/reMuqdVD7CtLwf0VR1FqeprZ0eHQkO0vqsbvFLXUmYm/uNKJBg==}
    engines: {node: '>= 10.0.0'}
    cpu: [x64]
    os: [linux]
    libc: [musl]

  '@parcel/watcher-win32-arm64@2.5.6':
    resolution: {integrity: sha512-3ukyebjc6eGlw9yRt678DxVF7rjXatWiHvTXqphZLvo7aC5NdEgFufVwjFfY51ijYEWpXbqF5jtrK275z52D4Q==}
    engines: {node: '>= 10.0.0'}
    cpu: [arm64]
    os: [win32]

  '@parcel/watcher-win32-ia32@2.5.6':
    resolution: {integrity: sha512-k35yLp1ZMwwee3Ez/pxBi5cf4AoBKYXj00CZ80jUz5h8prpiaQsiRPKQMxoLstNuqe2vR4RNPEAEcjEFzhEz/g==}
    engines: {node: '>= 10.0.0'}
    cpu: [ia32]
    os: [win32]

  '@parcel/watcher-win32-x64@2.5.6':
    resolution: {integrity: sha512-hbQlYcCq5dlAX9Qx+kFb0FHue6vbjlf0FrNzSKdYK2APUf7tGfGxQCk2ihEREmbR6ZMc0MVAD5RIX/41gpUzTw==}
    engines: {node: '>= 10.0.0'}
    cpu: [x64]
    os: [win32]

  '@parcel/watcher@2.5.6':
    resolution: {integrity: sha512-tmmZ3lQxAe/k/+rNnXQRawJ4NjxO2hqiOLTHvWchtGZULp4RyFeh6aU4XdOYBFe2KE1oShQTv4AblOs2iOrNnQ==}
    engines: {node: '>= 10.0.0'}

  '@rollup/rollup-android-arm-eabi@4.20.0':
    resolution: {integrity: sha512-TSpWzflCc4VGAUJZlPpgAJE1+V60MePDQnBd7PPkpuEmOy8i87aL6tinFGKBFKuEDikYpig72QzdT3QPYIi+oA==}
    cpu: [arm]
    os: [android]

  '@rollup/rollup-android-arm64@4.20.0':
    resolution: {integrity: sha512-u00Ro/nok7oGzVuh/FMYfNoGqxU5CPWz1mxV85S2w9LxHR8OoMQBuSk+3BKVIDYgkpeOET5yXkx90OYFc+ytpQ==}
    cpu: [arm64]
    os: [android]

  '@rollup/rollup-darwin-arm64@4.20.0':
    resolution: {integrity: sha512-uFVfvzvsdGtlSLuL0ZlvPJvl6ZmrH4CBwLGEFPe7hUmf7htGAN+aXo43R/V6LATyxlKVC/m6UsLb7jbG+LG39Q==}
    cpu: [arm64]
    os: [darwin]

  '@rollup/rollup-darwin-x64@4.20.0':
    resolution: {integrity: sha512-xbrMDdlev53vNXexEa6l0LffojxhqDTBeL+VUxuuIXys4x6xyvbKq5XqTXBCEUA8ty8iEJblHvFaWRJTk/icAQ==}
    cpu: [x64]
    os: [darwin]

  '@rollup/rollup-linux-arm-gnueabihf@4.20.0':
    resolution: {integrity: sha512-jMYvxZwGmoHFBTbr12Xc6wOdc2xA5tF5F2q6t7Rcfab68TT0n+r7dgawD4qhPEvasDsVpQi+MgDzj2faOLsZjA==}
    cpu: [arm]
    os: [linux]
    libc: [glibc]

  '@rollup/rollup-linux-arm-musleabihf@4.20.0':
    resolution: {integrity: sha512-1asSTl4HKuIHIB1GcdFHNNZhxAYEdqML/MW4QmPS4G0ivbEcBr1JKlFLKsIRqjSwOBkdItn3/ZDlyvZ/N6KPlw==}
    cpu: [arm]
    os: [linux]
    libc: [musl]

  '@rollup/rollup-linux-arm64-gnu@4.20.0':
    resolution: {integrity: sha512-COBb8Bkx56KldOYJfMf6wKeYJrtJ9vEgBRAOkfw6Ens0tnmzPqvlpjZiLgkhg6cA3DGzCmLmmd319pmHvKWWlQ==}
    cpu: [arm64]
    os: [linux]
    libc: [glibc]

  '@rollup/rollup-linux-arm64-musl@4.20.0':
    resolution: {integrity: sha512-+it+mBSyMslVQa8wSPvBx53fYuZK/oLTu5RJoXogjk6x7Q7sz1GNRsXWjn6SwyJm8E/oMjNVwPhmNdIjwP135Q==}
    cpu: [arm64]
    os: [linux]
    libc: [musl]

  '@rollup/rollup-linux-powerpc64le-gnu@4.20.0':
    resolution: {integrity: sha512-yAMvqhPfGKsAxHN8I4+jE0CpLWD8cv4z7CK7BMmhjDuz606Q2tFKkWRY8bHR9JQXYcoLfopo5TTqzxgPUjUMfw==}
    cpu: [ppc64]
    os: [linux]
    libc: [glibc]

  '@rollup/rollup-linux-riscv64-gnu@4.20.0':
    resolution: {integrity: sha512-qmuxFpfmi/2SUkAw95TtNq/w/I7Gpjurx609OOOV7U4vhvUhBcftcmXwl3rqAek+ADBwSjIC4IVNLiszoj3dPA==}
    cpu: [riscv64]
    os: [linux]
    libc: [glibc]

  '@rollup/rollup-linux-s390x-gnu@4.20.0':
    resolution: {integrity: sha512-I0BtGXddHSHjV1mqTNkgUZLnS3WtsqebAXv11D5BZE/gfw5KoyXSAXVqyJximQXNvNzUo4GKlCK/dIwXlz+jlg==}
    cpu: [s390x]
    os: [linux]
    libc: [glibc]

  '@rollup/rollup-linux-x64-gnu@4.20.0':
    resolution: {integrity: sha512-y+eoL2I3iphUg9tN9GB6ku1FA8kOfmF4oUEWhztDJ4KXJy1agk/9+pejOuZkNFhRwHAOxMsBPLbXPd6mJiCwew==}
    cpu: [x64]
    os: [linux]
    libc: [glibc]

  '@rollup/rollup-linux-x64-musl@4.20.0':
    resolution: {integrity: sha512-hM3nhW40kBNYUkZb/r9k2FKK+/MnKglX7UYd4ZUy5DJs8/sMsIbqWK2piZtVGE3kcXVNj3B2IrUYROJMMCikNg==}
    cpu: [x64]
    os: [linux]
    libc: [musl]

  '@rollup/rollup-win32-arm64-msvc@4.20.0':
    resolution: {integrity: sha512-psegMvP+Ik/Bg7QRJbv8w8PAytPA7Uo8fpFjXyCRHWm6Nt42L+JtoqH8eDQ5hRP7/XW2UiIriy1Z46jf0Oa1kA==}
    cpu: [arm64]
    os: [win32]

  '@rollup/rollup-win32-ia32-msvc@4.20.0':
    resolution: {integrity: sha512-GabekH3w4lgAJpVxkk7hUzUf2hICSQO0a/BLFA11/RMxQT92MabKAqyubzDZmMOC/hcJNlc+rrypzNzYl4Dx7A==}
    cpu: [ia32]
    os: [win32]

  '@rollup/rollup-win32-x64-msvc@4.20.0':
    resolution: {integrity: sha512-aJ1EJSuTdGnM6qbVC4B5DSmozPTqIag9fSzXRNNo+humQLG89XpPgdt16Ia56ORD7s+H8Pmyx44uczDQ0yDzpg==}
    cpu: [x64]
    os: [win32]

  '@types/estree@1.0.5':
    resolution: {integrity: sha512-/kYRxGDLWzHOB7q+wtSUQlFrtcdUccpfy+X+9iMBpHK8QLLhx2wIPYuS5DYtR9Wa/YlZAbIovy7qVdB1Aq6Lyw==}

  '@types/trusted-types@2.0.7':
    resolution: {integrity: sha512-ScaPdn1dQczgbl0QFTeTOmVHFULt394XJgOQNoyVhZ6r2vLnMLJfBPd53SB52T/3G36VI1/g2MZaX0cwDuXsfw==}

  chokidar@4.0.3:
    resolution: {integrity: sha512-Qgzu8kfBvo+cA4962jnP1KkS6Dop5NS6g7R5LFYJr4b8Ub94PPQXUksCw9PvXoeXPRRddRNC5C1JQUR2SMGtnA==}
    engines: {node: '>= 14.16.0'}

  color-convert@2.0.1:
    resolution: {integrity: sha512-RRECPsj7iu/xb5oKYcsFHSppFNnsj/52OVTRKb4zP5onXwVF3zVmmToNcOfGC+CRDpfK/U584fMg38ZHCaElKQ==}
    engines: {node: '>=7.0.0'}

  color-name@1.1.4:
    resolution: {integrity: sha512-dOy+3AuW3a2wNbZHIuMZpTcgjGuLU/uBL/ubcZF9OXbDo8ff4O8yVp5Bf0efS8uEoYo5q4Fx7dY9OgQGXgAsQA==}

  color-string@1.9.1:
    resolution: {integrity: sha512-shrVawQFojnZv6xM40anx4CkoDP+fZsw/ZerEMsW/pyzsRbElpsL/DBVW7q3ExxwusdNXI3lXpuhEZkzs8p5Eg==}

  color@4.2.3:
    resolution: {integrity: sha512-1rXeuUUiGGrykh+CeBdu5Ie7OJwinCgQY0bc7GCRxy5xVHy+moaqkpL/jqQq0MtQOeYcrqEz4abc5f0KtU7W4A==}
    engines: {node: '>=12.5.0'}

  detect-libc@2.1.2:
    resolution: {integrity: sha512-Btj2BOOO83o3WyH59e8MgXsxEQVcarkUOpEYrubB0urwnN10yQ364rsiByU11nZlqWYZm05i/of7io4mzihBtQ==}
    engines: {node: '>=8'}

  esbuild@0.21.5:
    resolution: {integrity: sha512-mg3OPMV4hXywwpoDxu3Qda5xCKQi+vCTZq8S9J/EpkhB2HzKXq4SNFZE3+NK93JYxc8VMSep+lOUSC/RVKaBqw==}
    engines: {node: '>=12'}
    hasBin: true

  flatpickr@4.6.13:
    resolution: {integrity: sha512-97PMG/aywoYpB4IvbvUJi0RQi8vearvU0oov1WW3k0WZPBMrTQVqekSX5CjSG/M4Q3i6A/0FKXC7RyAoAUUSPw==}

  fsevents@2.3.3:
    resolution: {integrity: sha512-5xoDfX+fL7faATnagmWPpbFtwh/R77WmMMqqHGS65C3vvB0YHrgF+B1YmZ3441tMj5n63k0212XNoJwzlhffQw==}
    engines: {node: ^8.16.0 || ^10.6.0 || >=11.0.0}
    os: [darwin]

  immutable@5.1.4:
    resolution: {integrity: sha512-p6u1bG3YSnINT5RQmx/yRZBpenIl30kVxkTLDyHLIMk0gict704Q9n+thfDI7lTRm9vXdDYutVzXhzcThxTnXA==}

  is-arrayish@0.3.4:
    resolution: {integrity: sha512-m6UrgzFVUYawGBh1dUsWR5M2Clqic9RVXC/9f8ceNlv2IcO9j9J/z8UoCLPqtsPBFNzEpfR3xftohbfqDx8EQA==}

  is-extglob@2.1.1:
    resolution: {integrity: sha512-SbKbANkN603Vi4jEZv49LeVJMn4yGwsbzZworEoyEiutsN3nJYdbO36zfhGJ6QEDpOZIFkDtnq5JRxmvl3jsoQ==}
    engines: {node: '>=0.10.0'}

  is-glob@4.0.3:
    resolution: {integrity: sha512-xelSayHH36ZgE7ZWhli7pW34hNbNl8Ojv5KVmkJD4hBdD3th8Tfk9vYasLM+mXWOZhFkgZfxhLSnrwRr4elSSg==}
    engines: {node: '>=0.10.0'}

  lit-element@4.2.2:
    resolution: {integrity: sha512-aFKhNToWxoyhkNDmWZwEva2SlQia+jfG0fjIWV//YeTaWrVnOxD89dPKfigCUspXFmjzOEUQpOkejH5Ly6sG0w==}

  lit-html@3.3.2:
    resolution: {integrity: sha512-Qy9hU88zcmaxBXcc10ZpdK7cOLXvXpRoBxERdtqV9QOrfpMZZ6pSYP91LhpPtap3sFMUiL7Tw2RImbe0Al2/kw==}

  lit@3.3.2:
    resolution: {integrity: sha512-NF9zbsP79l4ao2SNrH3NkfmFgN/hBYSQo90saIVI1o5GpjAdCPVstVzO1MrLOakHoEhYkrtRjPK6Ob521aoYWQ==}

  lodash-es@4.17.23:
    resolution: {integrity: sha512-kVI48u3PZr38HdYz98UmfPnXl2DXrpdctLrFLCd3kOx1xUkOmpFPx7gCWWM5MPkL/fD8zb+Ph0QzjGFs4+hHWg==}

  nanoid@3.3.7:
    resolution: {integrity: sha512-eSRppjcPIatRIMC1U6UngP8XFcz8MQWGQdt1MTBQ7NaAmvXDfvNxbvWV3x2y6CdEUciCSsDHDQZbhYaB8QEo2g==}
    engines: {node: ^10 || ^12 || ^13.7 || ^14 || >=15.0.1}
    hasBin: true

  node-addon-api@7.1.1:
    resolution: {integrity: sha512-5m3bsyrjFWE1xf7nz7YXdN4udnVtXK6/Yfgn5qnahL6bCkf2yKt4k3nuTKAtT4r3IG8JNR2ncsIMdZuAzJjHQQ==}

  picocolors@1.0.1:
    resolution: {integrity: sha512-anP1Z8qwhkbmu7MFP5iTt+wQKXgwzf7zTyGlcdzabySa9vd0Xt392U0rVmz9poOaBj0uHJKyyo9/upk0HrEQew==}

  picomatch@4.0.3:
    resolution: {integrity: sha512-5gTmgEY/sqK6gFXLIsQNH19lWb4ebPDLA4SdLP7dsWkIXHWlG66oPuVvXSGFPppYZz8ZDZq0dYYrbHfBCVUb1Q==}
    engines: {node: '>=12'}

  postcss@8.4.41:
    resolution: {integrity: sha512-TesUflQ0WKZqAvg52PWL6kHgLKP6xB6heTOdoYM0Wt2UHyxNa4K25EZZMgKns3BH1RLVbZCREPpLY0rhnNoHVQ==}
    engines: {node: ^10 || ^12 || >=14}

  readdirp@4.1.2:
    resolution: {integrity: sha512-GDhwkLfywWL2s6vEjyhri+eXmfH6j1L7JE27WhqLeYzoh/A3DBaYGEj2H/HFZCn/kMfim73FXxEJTw06WtxQwg==}
    engines: {node: '>= 14.18.0'}

  rollup@4.20.0:
    resolution: {integrity: sha512-6rbWBChcnSGzIlXeIdNIZTopKYad8ZG8ajhl78lGRLsI2rX8IkaotQhVas2Ma+GPxJav19wrSzvRvuiv0YKzWw==}
    engines: {node: '>=18.0.0', npm: '>=8.0.0'}
    hasBin: true

  sass@1.97.3:
    resolution: {integrity: sha512-fDz1zJpd5GycprAbu4Q2PV/RprsRtKC/0z82z0JLgdytmcq0+ujJbJ/09bPGDxCLkKY3Np5cRAOcWiVkLXJURg==}
    engines: {node: '>=14.0.0'}
    hasBin: true

  simple-swizzle@0.2.4:
    resolution: {integrity: sha512-nAu1WFPQSMNr2Zn9PGSZK9AGn4t/y97lEm+MXTtUDwfP0ksAIX4nO+6ruD9Jwut4C49SB1Ws+fbXsm/yScWOHw==}

  source-map-js@1.2.0:
    resolution: {integrity: sha512-itJW8lvSA0TXEphiRoawsCksnlf8SyvmFzIhltqAHluXd88pkCd+cXJVHTDwdCr0IzwptSm035IHQktUu1QUMg==}
    engines: {node: '>=0.10.0'}

  tslib@2.8.1:
    resolution: {integrity: sha512-oJFu94HQb+KVduSUQL7wnpmqnfmLsOA/nAh6b6EH0wCEoK0/mPeXU6c3wKDV83MkOuHPRHtSXKKU99IBazS/2w==}

  vite@5.4.0:
    resolution: {integrity: sha512-5xokfMX0PIiwCMCMb9ZJcMyh5wbBun0zUzKib+L65vAZ8GY9ePZMXxFrHbr/Kyll2+LSCY7xtERPpxkBDKngwg==}
    engines: {node: ^18.0.0 || >=20.0.0}
    hasBin: true
    peerDependencies:
      '@types/node': ^18.0.0 || >=20.0.0
      less: '*'
      lightningcss: ^1.21.0
      sass: '*'
      sass-embedded: '*'
      stylus: '*'
      sugarss: '*'
      terser: ^5.4.0
    peerDependenciesMeta:
      '@types/node':
        optional: true
      less:
        optional: true
      lightningcss:
        optional: true
      sass:
        optional: true
      sass-embedded:
        optional: true
      stylus:
        optional: true
      sugarss:
        optional: true
      terser:
        optional: true

snapshots:

  '@carbon/colors@11.45.0':
    dependencies:
      '@ibm/telemetry-js': 1.11.0

  '@carbon/feature-flags@0.32.0':
    dependencies:
      '@ibm/telemetry-js': 1.11.0

  '@carbon/grid@11.48.0':
    dependencies:
      '@carbon/layout': 11.46.0
      '@ibm/telemetry-js': 1.11.0

  '@carbon/icon-helpers@10.47.0':
    dependencies:
      '@ibm/telemetry-js': 1.11.0

  '@carbon/icons@11.73.0':
    dependencies:
      '@ibm/telemetry-js': 1.11.0

  '@carbon/layout@11.46.0':
    dependencies:
      '@ibm/telemetry-js': 1.11.0

  '@carbon/motion@11.39.0':
    dependencies:
      '@ibm/telemetry-js': 1.11.0

  '@carbon/styles@1.98.0(sass@1.97.3)':
    dependencies:
      '@carbon/colors': 11.45.0
      '@carbon/feature-flags': 0.32.0
      '@carbon/grid': 11.48.0
      '@carbon/layout': 11.46.0
      '@carbon/motion': 11.39.0
      '@carbon/themes': 11.66.0
      '@carbon/type': 11.52.0
      '@ibm/plex': 6.0.0-next.6
      '@ibm/plex-mono': 1.1.0
      '@ibm/plex-sans': 1.1.0
      '@ibm/plex-sans-arabic': 1.1.0
      '@ibm/plex-sans-devanagari': 1.1.0
      '@ibm/plex-sans-hebrew': 1.1.0
      '@ibm/plex-sans-thai': 1.1.0
      '@ibm/plex-sans-thai-looped': 1.1.0
      '@ibm/plex-serif': 1.1.0
      '@ibm/telemetry-js': 1.11.0
    optionalDependencies:
      sass: 1.97.3

  '@carbon/themes@11.66.0':
    dependencies:
      '@carbon/colors': 11.45.0
      '@carbon/layout': 11.46.0
      '@carbon/type': 11.52.0
      '@ibm/telemetry-js': 1.11.0
      color: 4.2.3

  '@carbon/type@11.52.0':
    dependencies:
      '@carbon/grid': 11.48.0
      '@carbon/layout': 11.46.0
      '@ibm/telemetry-js': 1.11.0

  '@carbon/web-components@2.46.0(sass@1.97.3)':
    dependencies:
      '@carbon/icon-helpers': 10.47.0
      '@carbon/icons': 11.73.0
      '@carbon/styles': 1.98.0(sass@1.97.3)
      '@floating-ui/dom': 1.7.5
      '@ibm/telemetry-js': 1.11.0
      '@lit/context': 1.1.6
      flatpickr: 4.6.13
      lit: 3.3.2
      lodash-es: 4.17.23
      tslib: 2.8.1
    transitivePeerDependencies:
      - sass

  '@esbuild/aix-ppc64@0.21.5':
    optional: true

  '@esbuild/android-arm64@0.21.5':
    optional: true

  '@esbuild/android-arm@0.21.5':
    optional: true

  '@esbuild/android-x64@0.21.5':
    optional: true

  '@esbuild/darwin-arm64@0.21.5':
    optional: true

  '@esbuild/darwin-x64@0.21.5':
    optional: true

  '@esbuild/freebsd-arm64@0.21.5':
    optional: true

  '@esbuild/freebsd-x64@0.21.5':
    optional: true

  '@esbuild/linux-arm64@0.21.5':
    optional: true

  '@esbuild/linux-arm@0.21.5':
    optional: true

  '@esbuild/linux-ia32@0.21.5':
    optional: true

  '@esbuild/linux-loong64@0.21.5':
    optional: true

  '@esbuild/linux-mips64el@0.21.5':
    optional: true

  '@esbuild/linux-ppc64@0.21.5':
    optional: true

  '@esbuild/linux-riscv64@0.21.5':
    optional: true

  '@esbuild/linux-s390x@0.21.5':
    optional: true

  '@esbuild/linux-x64@0.21.5':
    optional: true

  '@esbuild/netbsd-x64@0.21.5':
    optional: true

  '@esbuild/openbsd-x64@0.21.5':
    optional: true

  '@esbuild/sunos-x64@0.21.5':
    optional: true

  '@esbuild/win32-arm64@0.21.5':
    optional: true

  '@esbuild/win32-ia32@0.21.5':
    optional: true

  '@esbuild/win32-x64@0.21.5':
    optional: true

  '@floating-ui/core@1.7.4':
    dependencies:
      '@floating-ui/utils': 0.2.10

  '@floating-ui/dom@1.7.5':
    dependencies:
      '@floating-ui/core': 1.7.4
      '@floating-ui/utils': 0.2.10

  '@floating-ui/utils@0.2.10': {}

  '@ibm/plex-mono@1.1.0':
    dependencies:
      '@ibm/telemetry-js': 1.11.0

  '@ibm/plex-sans-arabic@1.1.0':
    dependencies:
      '@ibm/telemetry-js': 1.11.0

  '@ibm/plex-sans-devanagari@1.1.0':
    dependencies:
      '@ibm/telemetry-js': 1.11.0

  '@ibm/plex-sans-hebrew@1.1.0':
    dependencies:
      '@ibm/telemetry-js': 1.11.0

  '@ibm/plex-sans-thai-looped@1.1.0':
    dependencies:
      '@ibm/telemetry-js': 1.11.0

  '@ibm/plex-sans-thai@1.1.0':
    dependencies:
      '@ibm/telemetry-js': 1.11.0

  '@ibm/plex-sans@1.1.0':
    dependencies:
      '@ibm/telemetry-js': 1.11.0

  '@ibm/plex-serif@1.1.0':
    dependencies:
      '@ibm/telemetry-js': 1.11.0

  '@ibm/plex@6.0.0-next.6': {}

  '@ibm/telemetry-js@1.11.0': {}

  '@lit-labs/ssr-dom-shim@1.5.1': {}

  '@lit/context@1.1.6':
    dependencies:
      '@lit/reactive-element': 2.1.2

  '@lit/reactive-element@2.1.2':
    dependencies:
      '@lit-labs/ssr-dom-shim': 1.5.1

  '@parcel/watcher-android-arm64@2.5.6':
    optional: true

  '@parcel/watcher-darwin-arm64@2.5.6':
    optional: true

  '@parcel/watcher-darwin-x64@2.5.6':
    optional: true

  '@parcel/watcher-freebsd-x64@2.5.6':
    optional: true

  '@parcel/watcher-linux-arm-glibc@2.5.6':
    optional: true

  '@parcel/watcher-linux-arm-musl@2.5.6':
    optional: true

  '@parcel/watcher-linux-arm64-glibc@2.5.6':
    optional: true

  '@parcel/watcher-linux-arm64-musl@2.5.6':
    optional: true

  '@parcel/watcher-linux-x64-glibc@2.5.6':
    optional: true

  '@parcel/watcher-linux-x64-musl@2.5.6':
    optional: true

  '@parcel/watcher-win32-arm64@2.5.6':
    optional: true

  '@parcel/watcher-win32-ia32@2.5.6':
    optional: true

  '@parcel/watcher-win32-x64@2.5.6':
    optional: true

  '@parcel/watcher@2.5.6':
    dependencies:
      detect-libc: 2.1.2
      is-glob: 4.0.3
      node-addon-api: 7.1.1
      picomatch: 4.0.3
    optionalDependencies:
      '@parcel/watcher-android-arm64': 2.5.6
      '@parcel/watcher-darwin-arm64': 2.5.6
      '@parcel/watcher-darwin-x64': 2.5.6
      '@parcel/watcher-freebsd-x64': 2.5.6
      '@parcel/watcher-linux-arm-glibc': 2.5.6
      '@parcel/watcher-linux-arm-musl': 2.5.6
      '@parcel/watcher-linux-arm64-glibc': 2.5.6
      '@parcel/watcher-linux-arm64-musl': 2.5.6
      '@parcel/watcher-linux-x64-glibc': 2.5.6
      '@parcel/watcher-linux-x64-musl': 2.5.6
      '@parcel/watcher-win32-arm64': 2.5.6
      '@parcel/watcher-win32-ia32': 2.5.6
      '@parcel/watcher-win32-x64': 2.5.6
    optional: true

  '@rollup/rollup-android-arm-eabi@4.20.0':
    optional: true

  '@rollup/rollup-android-arm64@4.20.0':
    optional: true

  '@rollup/rollup-darwin-arm64@4.20.0':
    optional: true

  '@rollup/rollup-darwin-x64@4.20.0':
    optional: true

  '@rollup/rollup-linux-arm-gnueabihf@4.20.0':
    optional: true

  '@rollup/rollup-linux-arm-musleabihf@4.20.0':
    optional: true

  '@rollup/rollup-linux-arm64-gnu@4.20.0':
    optional: true

  '@rollup/rollup-linux-arm64-musl@4.20.0':
    optional: true

  '@rollup/rollup-linux-powerpc64le-gnu@4.20.0':
    optional: true

  '@rollup/rollup-linux-riscv64-gnu@4.20.0':
    optional: true

  '@rollup/rollup-linux-s390x-gnu@4.20.0':
    optional: true

  '@rollup/rollup-linux-x64-gnu@4.20.0':
    optional: true

  '@rollup/rollup-linux-x64-musl@4.20.0':
    optional: true

  '@rollup/rollup-win32-arm64-msvc@4.20.0':
    optional: true

  '@rollup/rollup-win32-ia32-msvc@4.20.0':
    optional: true

  '@rollup/rollup-win32-x64-msvc@4.20.0':
    optional: true

  '@types/estree@1.0.5': {}

  '@types/trusted-types@2.0.7': {}

  chokidar@4.0.3:
    dependencies:
      readdirp: 4.1.2

  color-convert@2.0.1:
    dependencies:
      color-name: 1.1.4

  color-name@1.1.4: {}

  color-string@1.9.1:
    dependencies:
      color-name: 1.1.4
      simple-swizzle: 0.2.4

  color@4.2.3:
    dependencies:
      color-convert: 2.0.1
      color-string: 1.9.1

  detect-libc@2.1.2:
    optional: true

  esbuild@0.21.5:
    optionalDependencies:
      '@esbuild/aix-ppc64': 0.21.5
      '@esbuild/android-arm': 0.21.5
      '@esbuild/android-arm64': 0.21.5
      '@esbuild/android-x64': 0.21.5
      '@esbuild/darwin-arm64': 0.21.5
      '@esbuild/darwin-x64': 0.21.5
      '@esbuild/freebsd-arm64': 0.21.5
      '@esbuild/freebsd-x64': 0.21.5
      '@esbuild/linux-arm': 0.21.5
      '@esbuild/linux-arm64': 0.21.5
      '@esbuild/linux-ia32': 0.21.5
      '@esbuild/linux-loong64': 0.21.5
      '@esbuild/linux-mips64el': 0.21.5
      '@esbuild/linux-ppc64': 0.21.5
      '@esbuild/linux-riscv64': 0.21.5
      '@esbuild/linux-s390x': 0.21.5
      '@esbuild/linux-x64': 0.21.5
      '@esbuild/netbsd-x64': 0.21.5
      '@esbuild/openbsd-x64': 0.21.5
      '@esbuild/sunos-x64': 0.21.5
      '@esbuild/win32-arm64': 0.21.5
      '@esbuild/win32-ia32': 0.21.5
      '@esbuild/win32-x64': 0.21.5

  flatpickr@4.6.13: {}

  fsevents@2.3.3:
    optional: true

  immutable@5.1.4: {}

  is-arrayish@0.3.4: {}

  is-extglob@2.1.1:
    optional: true

  is-glob@4.0.3:
    dependencies:
      is-extglob: 2.1.1
    optional: true

  lit-element@4.2.2:
    dependencies:
      '@lit-labs/ssr-dom-shim': 1.5.1
      '@lit/reactive-element': 2.1.2
      lit-html: 3.3.2

  lit-html@3.3.2:
    dependencies:
      '@types/trusted-types': 2.0.7

  lit@3.3.2:
    dependencies:
      '@lit/reactive-element': 2.1.2
      lit-element: 4.2.2
      lit-html: 3.3.2

  lodash-es@4.17.23: {}

  nanoid@3.3.7: {}

  node-addon-api@7.1.1:
    optional: true

  picocolors@1.0.1: {}

  picomatch@4.0.3:
    optional: true

  postcss@8.4.41:
    dependencies:
      nanoid: 3.3.7
      picocolors: 1.0.1
      source-map-js: 1.2.0

  readdirp@4.1.2: {}

  rollup@4.20.0:
    dependencies:
      '@types/estree': 1.0.5
    optionalDependencies:
      '@rollup/rollup-android-arm-eabi': 4.20.0
      '@rollup/rollup-android-arm64': 4.20.0
      '@rollup/rollup-darwin-arm64': 4.20.0
      '@rollup/rollup-darwin-x64': 4.20.0
      '@rollup/rollup-linux-arm-gnueabihf': 4.20.0
      '@rollup/rollup-linux-arm-musleabihf': 4.20.0
      '@rollup/rollup-linux-arm64-gnu': 4.20.0
      '@rollup/rollup-linux-arm64-musl': 4.20.0
      '@rollup/rollup-linux-powerpc64le-gnu': 4.20.0
      '@rollup/rollup-linux-riscv64-gnu': 4.20.0
      '@rollup/rollup-linux-s390x-gnu': 4.20.0
      '@rollup/rollup-linux-x64-gnu': 4.20.0
      '@rollup/rollup-linux-x64-musl': 4.20.0
      '@rollup/rollup-win32-arm64-msvc': 4.20.0
      '@rollup/rollup-win32-ia32-msvc': 4.20.0
      '@rollup/rollup-win32-x64-msvc': 4.20.0
      fsevents: 2.3.3

  sass@1.97.3:
    dependencies:
      chokidar: 4.0.3
      immutable: 5.1.4
      source-map-js: 1.2.0
    optionalDependencies:
      '@parcel/watcher': 2.5.6

  simple-swizzle@0.2.4:
    dependencies:
      is-arrayish: 0.3.4

  source-map-js@1.2.0: {}

  tslib@2.8.1: {}

  vite@5.4.0(sass@1.97.3):
    dependencies:
      esbuild: 0.21.5
      postcss: 8.4.41
      rollup: 4.20.0
    optionalDependencies:
      fsevents: 2.3.3
      sass: 1.97.3
